
Microsoft Visual Studio Solution File, Format Version 12.00
# Visual Studio 15
VisualStudioVersion = 15.0.28307.705
MinimumVisualStudioVersion = 10.0.40219.1
Project("{FAE04EC0-301F-11D3-BF4B-00C04F79EFBC}") = "Vista", "TrabajoFinalAvanzado\Vista.csproj", "{FA4DE9AA-376D-46BB-B416-68647E50FECC}"
EndProject
Project("{FAE04EC0-301F-11D3-BF4B-00C04F79EFBC}") = "Modelo", "Modelo\Modelo.csproj", "{3F740FD3-CBAE-4B7D-BDCA-C9E0E76DD741}"
EndProject
Project("{FAE04EC0-301F-11D3-BF4B-00C04F79EFBC}") = "Controlador", "Controlador\Controlador.csproj", "{1B6DA850-9DE2-4CDE-9FB9-FBDE002CDE19}"
EndProject
Global
	GlobalSection(SolutionConfigurationPlatforms) = preSolution
		Debug|Any CPU = Debug|Any CPU
		Release|Any CPU = Release|Any CPU
	EndGlobalSection
	GlobalSection(ProjectConfigurationPlatforms) = postSolution
		{FA4DE9AA-376D-46BB-B416-68647E50FECC}.Debug|Any CPU.ActiveCfg = Debug|Any CPU
		{FA4DE9AA-376D-46BB-B416-68647E50FECC}.Debug|Any CPU.Build.0 = Debug|Any CPU
		{FA4DE9AA-376D-46BB-B416-68647E50FECC}.Release|Any CPU.ActiveCfg = Release|Any CPU
		{FA4DE9AA-376D-46BB-B416-68647E50FECC}.Release|Any CPU.Build.0 = Release|Any CPU
		{3F740FD3-CBAE-4B7D-BDCA-C9E0E76DD741}.Debug|Any CPU.ActiveCfg = Debug|Any CPU
		{3F740FD3-CBAE-4B7D-BDCA-C9E0E76DD741}.Debug|Any CPU.Build.0 = Debug|Any CPU
		{3F740FD3-CBAE-4B7D-BDCA-C9E0E76DD741}.Release|Any CPU.ActiveCfg = Release|Any CPU
		{3F740FD3-CBAE-4B7D-BDCA-C9E0E76DD741}.Release|Any CPU.Build.0 = Release|Any CPU
		{1B6DA850-9DE2-4CDE-9FB9-FBDE002CDE19}.Debug|Any CPU.ActiveCfg = Debug|Any CPU
		{1B6DA850-9DE2-4CDE-9FB9-FBDE002CDE19}.Debug|Any CPU.Build.0 = Debug|Any CPU
		{1B6DA850-9DE2-4CDE-9FB9-FBDE002CDE19}.Release|Any CPU.ActiveCfg = Release|Any CPU
		{1B6DA850-9DE2-4CDE-9FB9-FBDE002CDE19}.Release|Any CPU.Build.0 = Release|Any CPU
	EndGlobalSection
	GlobalSection(SolutionProperties) = preSolution
		HideSolutionNode = FALSE
	EndGlobalSection
	GlobalSection(ExtensibilityGlobals) = postSolution
		SolutionGuid = {207735A3-0E17-463A-B23D-E9B9E7757C34}
	EndGlobalSection
EndGlobal
